// !$*UTF8*$!
{
	archiveVersion = 1;
	classes = {
	};
	objectVersion = 48;
	objects = {

/* Begin PBXBuildFile section */
		D903DFCB21789466005E9248 /* AppDelegate.m in Sources */ = {isa = PBXBuildFile; fileRef = D903DFCA21789466005E9248 /* AppDelegate.m */; };
		D903DFCE21789466005E9248 /* ViewController.m in Sources */ = {isa = PBXBuildFile; fileRef = D903DFCD21789466005E9248 /* ViewController.m */; };
		D903DFD121789467005E9248 /* Main.storyboard in Resources */ = {isa = PBXBuildFile; fileRef = D903DFCF21789467005E9248 /* Main.storyboard */; };
		D903DFD321789467005E9248 /* Assets.xcassets in Resources */ = {isa = PBXBuildFile; fileRef = D903DFD221789467005E9248 /* Assets.xcassets */; };
		D903DFD621789467005E9248 /* LaunchScreen.storyboard in Resources */ = {isa = PBXBuildFile; fileRef = D903DFD421789467005E9248 /* LaunchScreen.storyboard */; };
		D903DFD921789467005E9248 /* main.m in Sources */ = {isa = PBXBuildFile; fileRef = D903DFD821789467005E9248 /* main.m */; };
		D903DFE321789467005E9248 /* StopWatchTests.m in Sources */ = {isa = PBXBuildFile; fileRef = D903DFE221789467005E9248 /* StopWatchTests.m */; };
		D903DFEE21789467005E9248 /* StopWatchUITests.m in Sources */ = {isa = PBXBuildFile; fileRef = D903DFED21789467005E9248 /* StopWatchUITests.m */; };
/* End PBXBuildFile section */

/* Begin PBXContainerItemProxy section */
		D903DFDF21789467005E9248 /* PBXContainerItemProxy */ = {
			isa = PBXContainerItemProxy;
			containerPortal = D903DFBE21789466005E9248 /* Project object */;
			proxyType = 1;
			remoteGlobalIDString = D903DFC521789466005E9248;
			remoteInfo = StopWatch;
		};
		D903DFEA21789467005E9248 /* PBXContainerItemProxy */ = {
			isa = PBXContainerItemProxy;
			containerPortal = D903DFBE21789466005E9248 /* Project object */;
			proxyType = 1;
			remoteGlobalIDString = D903DFC521789466005E9248;
			remoteInfo = StopWatch;
		};
/* End PBXContainerItemProxy section */

/* Begin PBXFileReference section */
		D903DFC621789466005E9248 /* StopWatch.app */ = {isa = PBXFileReference; explicitFileType = wrapper.application; includeInIndex = 0; path = StopWatch.app; sourceTree = BUILT_PRODUCTS_DIR; };
		D903DFC921789466005E9248 /* AppDelegate.h */ = {isa = PBXFileReference; lastKnownFileType = sourcecode.c.h; path = AppDelegate.h; sourceTree = "<group>"; };
		D903DFCA21789466005E9248 /* AppDelegate.m */ = {isa = PBXFileReference; lastKnownFileType = sourcecode.c.objc; path = AppDelegate.m; sourceTree = "<group>"; };
		D903DFCC21789466005E9248 /* ViewController.h */ = {isa = PBXFileReference; lastKnownFileType = sourcecode.c.h; path = ViewController.h; sourceTree = "<group>"; };
		D903DFCD21789466005E9248 /* ViewController.m */ = {isa = PBXFileReference; lastKnownFileType = sourcecode.c.objc; path = ViewController.m; sourceTree = "<group>"; };
		D903DFD021789467005E9248 /* Base */ = {isa = PBXFileReference; lastKnownFileType = file.storyboard; name = Base; path = Base.lproj/Main.storyboard; sourceTree = "<group>"; };
		D903DFD221789467005E9248 /* Assets.xcassets */ = {isa = PBXFileReference; lastKnownFileType = folder.assetcatalog; path = Assets.xcassets; sourceTree = "<group>"; };
		D903DFD521789467005E9248 /* Base */ = {isa = PBXFileReference; lastKnownFileType = file.storyboard; name = Base; path = Base.lproj/LaunchScreen.storyboard; sourceTree = "<group>"; };
		D903DFD721789467005E9248 /* Info.plist */ = {isa = PBXFileReference; lastKnownFileType = text.plist.xml; path = Info.plist; sourceTree = "<group>"; };
		D903DFD821789467005E9248 /* main.m */ = {isa = PBXFileReference; lastKnownFileType = sourcecode.c.objc; path = main.m; sourceTree = "<group>"; };
		D903DFDE21789467005E9248 /* StopWatchTests.xctest */ = {isa = PBXFileReference; explicitFileType = wrapper.cfbundle; includeInIndex = 0; path = StopWatchTests.xctest; sourceTree = BUILT_PRODUCTS_DIR; };
		D903DFE221789467005E9248 /* StopWatchTests.m */ = {isa = PBXFileReference; lastKnownFileType = sourcecode.c.objc; path = StopWatchTests.m; sourceTree = "<group>"; };
		D903DFE421789467005E9248 /* Info.plist */ = {isa = PBXFileReference; lastKnownFileType = text.plist.xml; path = Info.plist; sourceTree = "<group>"; };
		D903DFE921789467005E9248 /* StopWatchUITests.xctest */ = {isa = PBXFileReference; explicitFileType = wrapper.cfbundle; includeInIndex = 0; path = StopWatchUITests.xctest; sourceTree = BUILT_PRODUCTS_DIR; };
		D903DFED21789467005E9248 /* StopWatchUITests.m */ = {isa = PBXFileReference; lastKnownFileType = sourcecode.c.objc; path = StopWatchUITests.m; sourceTree = "<group>"; };
		D903DFEF21789467005E9248 /* Info.plist */ = {isa = PBXFileReference; lastKnownFileType = text.plist.xml; path = Info.plist; sourceTree = "<group>"; };
/* End PBXFileReference section */

/* Begin PBXFrameworksBuildPhase section */
		D903DFC321789466005E9248 /* Frameworks */ = {
			isa = PBXFrameworksBuildPhase;
			buildActionMask = 2147483647;
			files = (
			);
			runOnlyForDeploymentPostprocessing = 0;
		};
		D903DFDB21789467005E9248 /* Frameworks */ = {
			isa = PBXFrameworksBuildPhase;
			buildActionMask = 2147483647;
			files = (
			);
			runOnlyForDeploymentPostprocessing = 0;
		};
		D903DFE621789467005E9248 /* Frameworks */ = {
			isa = PBXFrameworksBuildPhase;
			buildActionMask = 2147483647;
			files = (
			);
			runOnlyForDeploymentPostprocessing = 0;
		};
/* End PBXFrameworksBuildPhase section */

/* Begin PBXGroup section */
		D903DFBD21789466005E9248 = {
			isa = PBXGroup;
			children = (
				D903DFC821789466005E9248 /* StopWatch */,
				D903DFE121789467005E9248 /* StopWatchTests */,
				D903DFEC21789467005E9248 /* StopWatchUITests */,
				D903DFC721789466005E9248 /* Products */,
			);
			sourceTree = "<group>";
		};
		D903DFC721789466005E9248 /* Products */ = {
			isa = PBXGroup;
			children = (
				D903DFC621789466005E9248 /* StopWatch.app */,
				D903DFDE21789467005E9248 /* StopWatchTests.xctest */,
				D903DFE921789467005E9248 /* StopWatchUITests.xctest */,
			);
			name = Products;
			sourceTree = "<group>";
		};
		D903DFC821789466005E9248 /* StopWatch */ = {
			isa = PBXGroup;
			children = (
				D903DFC921789466005E9248 /* AppDelegate.h */,
				D903DFCA21789466005E9248 /* AppDelegate.m */,
				D903DFCC21789466005E9248 /* ViewController.h */,
				D903DFCD21789466005E9248 /* ViewController.m */,
				D903DFCF21789467005E9248 /* Main.storyboard */,
				D903DFD221789467005E9248 /* Assets.xcassets */,
				D903DFD421789467005E9248 /* LaunchScreen.storyboard */,
				D903DFD721789467005E9248 /* Info.plist */,
				D903DFD821789467005E9248 /* main.m */,
			);
			path = StopWatch;
			sourceTree = "<group>";
		};
		D903DFE121789467005E9248 /* StopWatchTests */ = {
			isa = PBXGroup;
			children = (
				D903DFE221789467005E9248 /* StopWatchTests.m */,
				D903DFE421789467005E9248 /* Info.plist */,
			);
			path = StopWatchTests;
			sourceTree = "<group>";
		};
		D903DFEC21789467005E9248 /* StopWatchUITests */ = {
			isa = PBXGroup;
			children = (
				D903DFED21789467005E9248 /* StopWatchUITests.m */,
				D903DFEF21789467005E9248 /* Info.plist */,
			);
			path = StopWatchUITests;
			sourceTree = "<group>";
		};
/* End PBXGroup section */

/* Begin PBXNativeTarget section */
		D903DFC521789466005E9248 /* StopWatch */ = {
			isa = PBXNativeTarget;
			buildConfigurationList = D903DFF221789467005E9248 /* Build configuration list for PBXNativeTarget "StopWatch" */;
			buildPhases = (
				D903DFC221789466005E9248 /* Sources */,
				D903DFC321789466005E9248 /* Frameworks */,
				D903DFC421789466005E9248 /* Resources */,
			);
			buildRules = (
			);
			dependencies = (
			);
			name = StopWatch;
			productName = StopWatch;
			productReference = D903DFC621789466005E9248 /* StopWatch.app */;
			productType = "com.apple.product-type.application";
		};
		D903DFDD21789467005E9248 /* StopWatchTests */ = {
			isa = PBXNativeTarget;
			buildConfigurationList = D903DFF521789467005E9248 /* Build configuration list for PBXNativeTarget "StopWatchTests" */;
			buildPhases = (
				D903DFDA21789467005E9248 /* Sources */,
				D903DFDB21789467005E9248 /* Frameworks */,
				D903DFDC21789467005E9248 /* Resources */,
			);
			buildRules = (
			);
			dependencies = (
				D903DFE021789467005E9248 /* PBXTargetDependency */,
			);
			name = StopWatchTests;
			productName = StopWatchTests;
			productReference = D903DFDE21789467005E9248 /* StopWatchTests.xctest */;
			productType = "com.apple.product-type.bundle.unit-test";
		};
		D903DFE821789467005E9248 /* StopWatchUITests */ = {
			isa = PBXNativeTarget;
			buildConfigurationList = D903DFF821789467005E9248 /* Build configuration list for PBXNativeTarget "StopWatchUITests" */;
			buildPhases = (
				D903DFE521789467005E9248 /* Sources */,
				D903DFE621789467005E9248 /* Frameworks */,
				D903DFE721789467005E9248 /* Resources */,
			);
			buildRules = (
			);
			dependencies = (
				D903DFEB21789467005E9248 /* PBXTargetDependency */,
			);
			name = StopWatchUITests;
			productName = StopWatchUITests;
			productReference = D903DFE921789467005E9248 /* StopWatchUITests.xctest */;
			productType = "com.apple.product-type.bundle.ui-testing";
		};
/* End PBXNativeTarget section */

/* Begin PBXProject section */
		D903DFBE21789466005E9248 /* Project object */ = {
			isa = PBXProject;
			attributes = {
				LastUpgradeCheck = 0920;
				ORGANIZATIONNAME = "Popoff Developer Studio";
				TargetAttributes = {
					D903DFC521789466005E9248 = {
						CreatedOnToolsVersion = 9.2;
						ProvisioningStyle = Automatic;
					};
					D903DFDD21789467005E9248 = {
						CreatedOnToolsVersion = 9.2;
						ProvisioningStyle = Automatic;
						TestTargetID = D903DFC521789466005E9248;
					};
					D903DFE821789467005E9248 = {
						CreatedOnToolsVersion = 9.2;
						ProvisioningStyle = Automatic;
						TestTargetID = D903DFC521789466005E9248;
					};
				};
			};
			buildConfigurationList = D903DFC121789466005E9248 /* Build configuration list for PBXProject "StopWatch" */;
			compatibilityVersion = "Xcode 8.0";
			developmentRegion = en;
			hasScannedForEncodings = 0;
			knownRegions = (
				en,
				Base,
			);
			mainGroup = D903DFBD21789466005E9248;
			productRefGroup = D903DFC721789466005E9248 /* Products */;
			projectDirPath = "";
			projectRoot = "";
			targets = (
				D903DFC521789466005E9248 /* StopWatch */,
				D903DFDD21789467005E9248 /* StopWatchTests */,
				D903DFE821789467005E9248 /* StopWatchUITests */,
			);
		};
/* End PBXProject section */

/* Begin PBXResourcesBuildPhase section */
		D903DFC421789466005E9248 /* Resources */ = {
			isa = PBXResourcesBuildPhase;
			buildActionMask = 2147483647;
			files = (
				D903DFD621789467005E9248 /* LaunchScreen.storyboard in Resources */,
				D903DFD321789467005E9248 /* Assets.xcassets in Resources */,
				D903DFD121789467005E9248 /* Main.storyboard in Resources */,
			);
			runOnlyForDeploymentPostprocessing = 0;
		};
		D903DFDC21789467005E9248 /* Resources */ = {
			isa = PBXResourcesBuildPhase;
			buildActionMask = 2147483647;
			files = (
			);
			runOnlyForDeploymentPostprocessing = 0;
		};
		D903DFE721789467005E9248 /* Resources */ = {
			isa = PBXResourcesBuildPhase;
			buildActionMask = 2147483647;
			files = (
			);
			runOnlyForDeploymentPostprocessing = 0;
		};
/* End PBXResourcesBuildPhase section */

/* Begin PBXSourcesBuildPhase section */
		D903DFC221789466005E9248 /* Sources */ = {
			isa = PBXSourcesBuildPhase;
			buildActionMask = 2147483647;
			files = (
				D903DFCE21789466005E9248 /* ViewController.m in Sources */,
				D903DFD921789467005E9248 /* main.m in Sources */,
				D903DFCB21789466005E9248 /* AppDelegate.m in Sources */,
			);
			runOnlyForDeploymentPostprocessing = 0;
		};
		D903DFDA21789467005E9248 /* Sources */ = {
			isa = PBXSourcesBuildPhase;
			buildActionMask = 2147483647;
			files = (
				D903DFE321789467005E9248 /* StopWatchTests.m in Sources */,
			);
			runOnlyForDeploymentPostprocessing = 0;
		};
		D903DFE521789467005E9248 /* Sources */ = {
			isa = PBXSourcesBuildPhase;
			buildActionMask = 2147483647;
			files = (
				D903DFEE21789467005E9248 /* StopWatchUITests.m in Sources */,
			);
			runOnlyForDeploymentPostprocessing = 0;
		};
/* End PBXSourcesBuildPhase section */

/* Begin PBXTargetDependency section */
		D903DFE021789467005E9248 /* PBXTargetDependency */ = {
			isa = PBXTargetDependency;
			target = D903DFC521789466005E9248 /* StopWatch */;
			targetProxy = D903DFDF21789467005E9248 /* PBXContainerItemProxy */;
		};
		D903DFEB21789467005E9248 /* PBXTargetDependency */ = {
			isa = PBXTargetDependency;
			target = D903DFC521789466005E9248 /* StopWatch */;
			targetProxy = D903DFEA21789467005E9248 /* PBXContainerItemProxy */;
		};
/* End PBXTargetDependency section */

/* Begin PBXVariantGroup section */
		D903DFCF21789467005E9248 /* Main.storyboard */ = {
			isa = PBXVariantGroup;
			children = (
				D903DFD021789467005E9248 /* Base */,
			);
			name = Main.storyboard;
			sourceTree = "<group>";
		};
		D903DFD421789467005E9248 /* LaunchScreen.storyboard */ = {
			isa = PBXVariantGroup;
			children = (
				D903DFD521789467005E9248 /* Base */,
			);
			name = LaunchScreen.storyboard;
			sourceTree = "<group>";
		};
/* End PBXVariantGroup section */

/* Begin XCBuildConfiguration section */
		D903DFF021789467005E9248 /* Debug */ = {
			isa = XCBuildConfiguration;
			buildSettings = {
				ALWAYS_SEARCH_USER_PATHS = NO;
				CLANG_ANALYZER_NONNULL = YES;
				CLANG_ANALYZER_NUMBER_OBJECT_CONVERSION = YES_AGGRESSIVE;
				CLANG_CXX_LANGUAGE_STANDARD = "gnu++14";
				CLANG_CXX_LIBRARY = "libc++";
				CLANG_ENABLE_MODULES = YES;
				CLANG_ENABLE_OBJC_ARC = YES;
				CLANG_WARN_BLOCK_CAPTURE_AUTORELEASING = YES;
				CLANG_WARN_BOOL_CONVERSION = YES;
				CLANG_WARN_COMMA = YES;
				CLANG_WARN_CONSTANT_CONVERSION = YES;
				CLANG_WARN_DIRECT_OBJC_ISA_USAGE = YES_ERROR;
				CLANG_WARN_DOCUMENTATION_COMMENTS = YES;
				CLANG_WARN_EMPTY_BODY = YES;
				CLANG_WARN_ENUM_CONVERSION = YES;
				CLANG_WARN_INFINITE_RECURSION = YES;
				CLANG_WARN_INT_CONVERSION = YES;
				CLANG_WARN_NON_LITERAL_NULL_CONVERSION = YES;
				CLANG_WARN_OBJC_LITERAL_CONVERSION = YES;
				CLANG_WARN_OBJC_ROOT_CLASS = YES_ERROR;
				CLANG_WARN_RANGE_LOOP_ANALYSIS = YES;
				CLANG_WARN_STRICT_PROTOTYPES = YES;
				CLANG_WARN_SUSPICIOUS_MOVE = YES;
				CLANG_WARN_UNGUARDED_AVAILABILITY = YES_AGGRESSIVE;
				CLANG_WARN_UNREACHABLE_CODE = YES;
				CLANG_WARN__DUPLICATE_METHOD_MATCH = YES;
				CODE_SIGN_IDENTITY = "iPhone Developer";
				COPY_PHASE_STRIP = NO;
				DEBUG_INFORMATION_FORMAT = dwarf;
				ENABLE_STRICT_OBJC_MSGSEND = YES;
				ENABLE_TESTABILITY = YES;
				GCC_C_LANGUAGE_STANDARD = gnu11;
				GCC_DYNAMIC_NO_PIC = NO;
				GCC_NO_COMMON_BLOCKS = YES;
				GCC_OPTIMIZATION_LEVEL = 0;
				GCC_PREPROCESSOR_DEFINITIONS = (
					"DEBUG=1",
					"$(inherited)",
				);
				GCC_WARN_64_TO_32_BIT_CONVERSION = YES;
				GCC_WARN_ABOUT_RETURN_TYPE = YES_ERROR;
				GCC_WARN_UNDECLARED_SELECTOR = YES;
				GCC_WARN_UNINITIALIZED_AUTOS = YES_AGGRESSIVE;
				GCC_WARN_UNUSED_FUNCTION = YES;
				GCC_WARN_UNUSED_VARIABLE = YES;
				IPHONEOS_DEPLOYMENT_TARGET = 11.2;
				MTL_ENABLE_DEBUG_INFO = YES;
				ONLY_ACTIVE_ARCH = YES;
				SDKROOT = iphoneos;
			};
			name = Debug;
		};
		D903DFF121789467005E9248 /* Release */ = {
			isa = XCBuildConfiguration;
			buildSettings = {
				ALWAYS_SEARCH_USER_PATHS = NO;
				CLANG_ANALYZER_NONNULL = YES;
				CLANG_ANALYZER_NUMBER_OBJECT_CONVERSION = YES_AGGRESSIVE;
				CLANG_CXX_LANGUAGE_STANDARD = "gnu++14";
				CLANG_CXX_LIBRARY = "libc++";
				CLANG_ENABLE_MODULES = YES;
				CLANG_ENABLE_OBJC_ARC = YES;
				CLANG_WARN_BLOCK_CAPTURE_AUTORELEASING = YES;
				CLANG_WARN_BOOL_CONVERSION = YES;
				CLANG_WARN_COMMA = YES;
				CLANG_WARN_CONSTANT_CONVERSION = YES;
				CLANG_WARN_DIRECT_OBJC_ISA_USAGE = YES_ERROR;
				CLANG_WARN_DOCUMENTATION_COMMENTS = YES;
				CLANG_WARN_EMPTY_BODY = YES;
				CLANG_WARN_ENUM_CONVERSION = YES;
				CLANG_WARN_INFINITE_RECURSION = YES;
				CLANG_WARN_INT_CONVERSION = YES;
				CLANG_WARN_NON_LITERAL_NULL_CONVERSION = YES;
				CLANG_WARN_OBJC_LITERAL_CONVERSION = YES;
				CLANG_WARN_OBJC_ROOT_CLASS = YES_ERROR;
				CLANG_WARN_RANGE_LOOP_ANALYSIS = YES;
				CLANG_WARN_STRICT_PROTOTYPES = YES;
				CLANG_WARN_SUSPICIOUS_MOVE = YES;
				CLANG_WARN_UNGUARDED_AVAILABILITY = YES_AGGRESSIVE;
				CLANG_WARN_UNREACHABLE_CODE = YES;
				CLANG_WARN__DUPLICATE_METHOD_MATCH = YES;
				CODE_SIGN_IDENTITY = "iPhone Developer";
				COPY_PHASE_STRIP = NO;
				DEBUG_INFORMATION_FORMAT = "dwarf-with-dsym";
				ENABLE_NS_ASSERTIONS = NO;
				ENABLE_STRICT_OBJC_MSGSEND = YES;
				GCC_C_LANGUAGE_STANDARD = gnu11;
				GCC_NO_COMMON_BLOCKS = YES;
				GCC_WARN_64_TO_32_BIT_CONVERSION = YES;
				GCC_WARN_ABOUT_RETURN_TYPE = YES_ERROR;
				GCC_WARN_UNDECLARED_SELECTOR = YES;
				GCC_WARN_UNINITIALIZED_AUTOS = YES_AGGRESSIVE;
				GCC_WARN_UNUSED_FUNCTION = YES;
				GCC_WARN_UNUSED_VARIABLE = YES;
				IPHONEOS_DEPLOYMENT_TARGET = 11.2;
				MTL_ENABLE_DEBUG_INFO = NO;
				SDKROOT = iphoneos;
				VALIDATE_PRODUCT = YES;
			};
			name = Release;
		};
		D903DFF321789467005E9248 /* Debug */ = {
			isa = XCBuildConfiguration;
			buildSettings = {
				ASSETCATALOG_COMPILER_APPICON_NAME = AppIcon;
				CODE_SIGN_STYLE = Automatic;
				INFOPLIST_FILE = StopWatch/Info.plist;
				LD_RUNPATH_SEARCH_PATHS = "$(inherited) @executable_path/Frameworks";
				PRODUCT_BUNDLE_IDENTIFIER = "com.popoff-dev.StopWatch";
				PRODUCT_NAME = "$(TARGET_NAME)";
				TARGETED_DEVICE_FAMILY = "1,2";
			};
			name = Debug;
		};
		D903DFF421789467005E9248 /* Release */ = {
			isa = XCBuildConfiguration;
			buildSettings = {
				ASSETCATALOG_COMPILER_APPICON_NAME = AppIcon;
				CODE_SIGN_STYLE = Automatic;
				INFOPLIST_FILE = StopWatch/Info.plist;
				LD_RUNPATH_SEARCH_PATHS = "$(inherited) @executable_path/Frameworks";
				PRODUCT_BUNDLE_IDENTIFIER = "com.popoff-dev.StopWatch";
				PRODUCT_NAME = "$(TARGET_NAME)";
				TARGETED_DEVICE_FAMILY = "1,2";
			};
			name = Release;
		};
		D903DFF621789467005E9248 /* Debug */ = {
			isa = XCBuildConfiguration;
			buildSettings = {
				BUNDLE_LOADER = "$(TEST_HOST)";
				CODE_SIGN_STYLE = Automatic;
				INFOPLIST_FILE = StopWatchTests/Info.plist;
				LD_RUNPATH_SEARCH_PATHS = "$(inherited) @executable_path/Frameworks @loader_path/Frameworks";
				PRODUCT_BUNDLE_IDENTIFIER = "com.popoff-dev.StopWatchTests";
				PRODUCT_NAME = "$(TARGET_NAME)";
				TARGETED_DEVICE_FAMILY = "1,2";
				TEST_HOST = "$(BUILT_PRODUCTS_DIR)/StopWatch.app/StopWatch";
			};
			name = Debug;
		};
		D903DFF721789467005E9248 /* Release */ = {
			isa = XCBuildConfiguration;
			buildSettings = {
				BUNDLE_LOADER = "$(TEST_HOST)";
				CODE_SIGN_STYLE = Automatic;
				INFOPLIST_FILE = StopWatchTests/Info.plist;
				LD_RUNPATH_SEARCH_PATHS = "$(inherited) @executable_path/Frameworks @loader_path/Frameworks";
				PRODUCT_BUNDLE_IDENTIFIER = "com.popoff-dev.StopWatchTests";
				PRODUCT_NAME = "$(TARGET_NAME)";
				TARGETED_DEVICE_FAMILY = "1,2";
				TEST_HOST = "$(BUILT_PRODUCTS_DIR)/StopWatch.app/StopWatch";
			};
			name = Release;
		};
		D903DFF921789467005E9248 /* Debug */ = {
			isa = XCBuildConfiguration;
			buildSettings = {
				CODE_SIGN_STYLE = Automatic;
				INFOPLIST_FILE = StopWatchUITests/Info.plist;
				LD_RUNPATH_SEARCH_PATHS = "$(inherited) @executable_path/Frameworks @loader_path/Frameworks";
				PRODUCT_BUNDLE_IDENTIFIER = "com.popoff-dev.StopWatchUITests";
				PRODUCT_NAME = "$(TARGET_NAME)";
				TARGETED_DEVICE_FAMILY = "1,2";
				TEST_TARGET_NAME = StopWatch;
			};
			name = Debug;
		};
		D903DFFA21789467005E9248 /* Release */ = {
			isa = XCBuildConfiguration;
			buildSettings = {
				CODE_SIGN_STYLE = Automatic;
				INFOPLIST_FILE = StopWatchUITests/Info.plist;
				LD_RUNPATH_SEARCH_PATHS = "$(inherited) @executable_path/Frameworks @loader_path/Frameworks";
				PRODUCT_BUNDLE_IDENTIFIER = "com.popoff-dev.StopWatchUITests";
				PRODUCT_NAME = "$(TARGET_NAME)";
				TARGETED_DEVICE_FAMILY = "1,2";
				TEST_TARGET_NAME = StopWatch;
			};
			name = Release;
		};
/* End XCBuildConfiguration section */

/* Begin XCConfigurationList section */
		D903DFC121789466005E9248 /* Build configuration list for PBXProject "StopWatch" */ = {
			isa = XCConfigurationList;
			buildConfigurations = (
				D903DFF021789467005E9248 /* Debug */,
				D903DFF121789467005E9248 /* Release */,
			);
			defaultConfigurationIsVisible = 0;
			defaultConfigurationName = Release;
		};
		D903DFF221789467005E9248 /* Build configuration list for PBXNativeTarget "StopWatch" */ = {
			isa = XCConfigurationList;
			buildConfigurations = (
				D903DFF321789467005E9248 /* Debug */,
				D903DFF421789467005E9248 /* Release */,
			);
			defaultConfigurationIsVisible = 0;
			defaultConfigurationName = Release;
		};
		D903DFF521789467005E9248 /* Build configuration list for PBXNativeTarget "StopWatchTests" */ = {
			isa = XCConfigurationList;
			buildConfigurations = (
				D903DFF621789467005E9248 /* Debug */,
				D903DFF721789467005E9248 /* Release */,
			);
			defaultConfigurationIsVisible = 0;
			defaultConfigurationName = Release;
		};
		D903DFF821789467005E9248 /* Build configuration list for PBXNativeTarget "StopWatchUITests" */ = {
			isa = XCConfigurationList;
			buildConfigurations = (
				D903DFF921789467005E9248 /* Debug */,
				D903DFFA21789467005E9248 /* Release */,
			);
			defaultConfigurationIsVisible = 0;
			defaultConfigurationName = Release;
		};
/* End XCConfigurationList section */
	};
	rootObject = D903DFBE21789466005E9248 /* Project object */;
}
